{
  "name": "ghc-wasm-async-pg",
  "version": "0.0.0",
  "lockfileVersion": 3,
  "requires": true,
  "packages": {
    "": {
      "name": "ghc-wasm-async-pg",
      "version": "0.0.0",
      "dependencies": {
        "@bjorn3/browser_wasi_shim": "^0.2.19"
      }
    },
    "node_modules/@bjorn3/browser_wasi_shim": {
      "version": "0.2.19",
      "resolved": "https://registry.npmjs.org/@bjorn3/browser_wasi_shim/-/browser_wasi_shim-0.2.19.tgz",
      "integrity": "sha512-Zu5KVxRp7MBwwdOtXSmu14NUwPASNE6zK/BSwWKf0Fsc4g5NOqPYto5C0Nc6EixDb0AEXCoLFDMKP9RN7n2yPQ=="
    }
  }
}
